
Microsoft Visual Studio Solution File, Format Version 11.00
# Visual Studio 2010
Project("{FAE04EC0-301F-11D3-BF4B-00C04F79EFBC}") = "PandoraKeys", "PandoraKeys\PandoraKeys.csproj", "{0EFE0264-B39C-4C5C-BBF7-081F7F393177}"
EndProject
Global
	GlobalSection(SubversionScc) = preSolution
		Svn-Managed = True
		Manager = AnkhSVN - Subversion Support for Visual Studio
	EndGlobalSection
	GlobalSection(SolutionConfigurationPlatforms) = preSolution
		Debug|x86 = Debug|x86
		Release|x86 = Release|x86
	EndGlobalSection
	GlobalSection(ProjectConfigurationPlatforms) = postSolution
		{0EFE0264-B39C-4C5C-BBF7-081F7F393177}.Debug|x86.ActiveCfg = Debug|x86
		{0EFE0264-B39C-4C5C-BBF7-081F7F393177}.Debug|x86.Build.0 = Debug|x86
		{0EFE0264-B39C-4C5C-BBF7-081F7F393177}.Release|x86.ActiveCfg = Release|x86
		{0EFE0264-B39C-4C5C-BBF7-081F7F393177}.Release|x86.Build.0 = Release|x86
	EndGlobalSection
	GlobalSection(SolutionProperties) = preSolution
		HideSolutionNode = FALSE
	EndGlobalSection
EndGlobal
